
Microsoft Visual Studio Solution File, Format Version 12.00
# Visual Studio 15
VisualStudioVersion = 15.0.28010.2041
MinimumVisualStudioVersion = 10.0.40219.1
Project("{FAE04EC0-301F-11D3-BF4B-00C04F79EFBC}") = "SchoolRegister.Web", "SchoolRegister.Web\SchoolRegister.Web.csproj", "{40A7C124-0B89-47B9-AED5-09F0FD4994FD}"
EndProject
Project("{FAE04EC0-301F-11D3-BF4B-00C04F79EFBC}") = "SchoolRegister.BLL", "SchoolRegister.BLL\SchoolRegister.BLL.csproj", "{6377C30A-C0A2-452A-9A01-67BE17F10099}"
EndProject
Project("{FAE04EC0-301F-11D3-BF4B-00C04F79EFBC}") = "SchoolRegister.DAL", "SchoolRegister.DAL\SchoolRegister.DAL.csproj", "{714E9E56-8F5A-4208-8649-859E57BEC0A2}"
EndProject
Project("{FAE04EC0-301F-11D3-BF4B-00C04F79EFBC}") = "SchoolRegister.Services", "SchoolRegister.Services\SchoolRegister.Services.csproj", "{C5FB8D04-B53C-40FC-AFBB-C29331DBFD03}"
EndProject
Project("{FAE04EC0-301F-11D3-BF4B-00C04F79EFBC}") = "SchoolRegister.ViewModels", "SchoolRegister.ViewModels\SchoolRegister.ViewModels.csproj", "{BA753659-C122-458E-B78C-89FF50F9BAD1}"
EndProject
Global
	GlobalSection(SolutionConfigurationPlatforms) = preSolution
		Debug|Any CPU = Debug|Any CPU
		Release|Any CPU = Release|Any CPU
	EndGlobalSection
	GlobalSection(ProjectConfigurationPlatforms) = postSolution
		{40A7C124-0B89-47B9-AED5-09F0FD4994FD}.Debug|Any CPU.ActiveCfg = Debug|Any CPU
		{40A7C124-0B89-47B9-AED5-09F0FD4994FD}.Debug|Any CPU.Build.0 = Debug|Any CPU
		{40A7C124-0B89-47B9-AED5-09F0FD4994FD}.Release|Any CPU.ActiveCfg = Release|Any CPU
		{40A7C124-0B89-47B9-AED5-09F0FD4994FD}.Release|Any CPU.Build.0 = Release|Any CPU
		{6377C30A-C0A2-452A-9A01-67BE17F10099}.Debug|Any CPU.ActiveCfg = Debug|Any CPU
		{6377C30A-C0A2-452A-9A01-67BE17F10099}.Debug|Any CPU.Build.0 = Debug|Any CPU
		{6377C30A-C0A2-452A-9A01-67BE17F10099}.Release|Any CPU.ActiveCfg = Release|Any CPU
		{6377C30A-C0A2-452A-9A01-67BE17F10099}.Release|Any CPU.Build.0 = Release|Any CPU
		{714E9E56-8F5A-4208-8649-859E57BEC0A2}.Debug|Any CPU.ActiveCfg = Debug|Any CPU
		{714E9E56-8F5A-4208-8649-859E57BEC0A2}.Debug|Any CPU.Build.0 = Debug|Any CPU
		{714E9E56-8F5A-4208-8649-859E57BEC0A2}.Release|Any CPU.ActiveCfg = Release|Any CPU
		{714E9E56-8F5A-4208-8649-859E57BEC0A2}.Release|Any CPU.Build.0 = Release|Any CPU
		{C5FB8D04-B53C-40FC-AFBB-C29331DBFD03}.Debug|Any CPU.ActiveCfg = Debug|Any CPU
		{C5FB8D04-B53C-40FC-AFBB-C29331DBFD03}.Debug|Any CPU.Build.0 = Debug|Any CPU
		{C5FB8D04-B53C-40FC-AFBB-C29331DBFD03}.Release|Any CPU.ActiveCfg = Release|Any CPU
		{C5FB8D04-B53C-40FC-AFBB-C29331DBFD03}.Release|Any CPU.Build.0 = Release|Any CPU
		{BA753659-C122-458E-B78C-89FF50F9BAD1}.Debug|Any CPU.ActiveCfg = Debug|Any CPU
		{BA753659-C122-458E-B78C-89FF50F9BAD1}.Debug|Any CPU.Build.0 = Debug|Any CPU
		{BA753659-C122-458E-B78C-89FF50F9BAD1}.Release|Any CPU.ActiveCfg = Release|Any CPU
		{BA753659-C122-458E-B78C-89FF50F9BAD1}.Release|Any CPU.Build.0 = Release|Any CPU
	EndGlobalSection
	GlobalSection(SolutionProperties) = preSolution
		HideSolutionNode = FALSE
	EndGlobalSection
	GlobalSection(ExtensibilityGlobals) = postSolution
		SolutionGuid = {6A75659A-D9FE-43D3-8BE5-196EB686CA96}
	EndGlobalSection
EndGlobal
