
Microsoft Visual Studio Solution File, Format Version 12.00
# Visual Studio 15
VisualStudioVersion = 15.0.28010.2041
MinimumVisualStudioVersion = 10.0.40219.1
Project("{FAE04EC0-301F-11D3-BF4B-00C04F79EFBC}") = "SchoolRegister.Web", "SchoolRegister.Web\SchoolRegister.Web.csproj", "{73C13A8A-F02F-40D3-9FCC-170F8BE54218}"
EndProject
Project("{FAE04EC0-301F-11D3-BF4B-00C04F79EFBC}") = "SchoolRegister.BLL", "SchoolRegister.BLL\SchoolRegister.BLL.csproj", "{DEB8757F-5606-41EB-BB2A-DA1FFFDA5B72}"
EndProject
Project("{FAE04EC0-301F-11D3-BF4B-00C04F79EFBC}") = "SchoolRegister.DAL", "SchoolRegister.DAL\SchoolRegister.DAL.csproj", "{FB4EBDC6-99AC-47A9-8AA2-B0E4F9D0462D}"
EndProject
Project("{FAE04EC0-301F-11D3-BF4B-00C04F79EFBC}") = "SchoolRegister.Services", "SchoolRegister.Services\SchoolRegister.Services.csproj", "{F43FE62B-74C7-4FB6-9C0B-584AB7CCCD5F}"
EndProject
Project("{FAE04EC0-301F-11D3-BF4B-00C04F79EFBC}") = "SchoolRegister.ViewModels", "SchoolRegister.ViewModels\SchoolRegister.ViewModels.csproj", "{8531EEFB-863B-4FD5-88F1-5D67F329719F}"
EndProject
Global
	GlobalSection(SolutionConfigurationPlatforms) = preSolution
		Debug|Any CPU = Debug|Any CPU
		Release|Any CPU = Release|Any CPU
	EndGlobalSection
	GlobalSection(ProjectConfigurationPlatforms) = postSolution
		{73C13A8A-F02F-40D3-9FCC-170F8BE54218}.Debug|Any CPU.ActiveCfg = Debug|Any CPU
		{73C13A8A-F02F-40D3-9FCC-170F8BE54218}.Debug|Any CPU.Build.0 = Debug|Any CPU
		{73C13A8A-F02F-40D3-9FCC-170F8BE54218}.Release|Any CPU.ActiveCfg = Release|Any CPU
		{73C13A8A-F02F-40D3-9FCC-170F8BE54218}.Release|Any CPU.Build.0 = Release|Any CPU
		{DEB8757F-5606-41EB-BB2A-DA1FFFDA5B72}.Debug|Any CPU.ActiveCfg = Debug|Any CPU
		{DEB8757F-5606-41EB-BB2A-DA1FFFDA5B72}.Debug|Any CPU.Build.0 = Debug|Any CPU
		{DEB8757F-5606-41EB-BB2A-DA1FFFDA5B72}.Release|Any CPU.ActiveCfg = Release|Any CPU
		{DEB8757F-5606-41EB-BB2A-DA1FFFDA5B72}.Release|Any CPU.Build.0 = Release|Any CPU
		{FB4EBDC6-99AC-47A9-8AA2-B0E4F9D0462D}.Debug|Any CPU.ActiveCfg = Debug|Any CPU
		{FB4EBDC6-99AC-47A9-8AA2-B0E4F9D0462D}.Debug|Any CPU.Build.0 = Debug|Any CPU
		{FB4EBDC6-99AC-47A9-8AA2-B0E4F9D0462D}.Release|Any CPU.ActiveCfg = Release|Any CPU
		{FB4EBDC6-99AC-47A9-8AA2-B0E4F9D0462D}.Release|Any CPU.Build.0 = Release|Any CPU
		{F43FE62B-74C7-4FB6-9C0B-584AB7CCCD5F}.Debug|Any CPU.ActiveCfg = Debug|Any CPU
		{F43FE62B-74C7-4FB6-9C0B-584AB7CCCD5F}.Debug|Any CPU.Build.0 = Debug|Any CPU
		{F43FE62B-74C7-4FB6-9C0B-584AB7CCCD5F}.Release|Any CPU.ActiveCfg = Release|Any CPU
		{F43FE62B-74C7-4FB6-9C0B-584AB7CCCD5F}.Release|Any CPU.Build.0 = Release|Any CPU
		{8531EEFB-863B-4FD5-88F1-5D67F329719F}.Debug|Any CPU.ActiveCfg = Debug|Any CPU
		{8531EEFB-863B-4FD5-88F1-5D67F329719F}.Debug|Any CPU.Build.0 = Debug|Any CPU
		{8531EEFB-863B-4FD5-88F1-5D67F329719F}.Release|Any CPU.ActiveCfg = Release|Any CPU
		{8531EEFB-863B-4FD5-88F1-5D67F329719F}.Release|Any CPU.Build.0 = Release|Any CPU
	EndGlobalSection
	GlobalSection(SolutionProperties) = preSolution
		HideSolutionNode = FALSE
	EndGlobalSection
	GlobalSection(ExtensibilityGlobals) = postSolution
		SolutionGuid = {DC81E996-6A34-457C-9479-F1151978FB9A}
	EndGlobalSection
EndGlobal
