
Microsoft Visual Studio Solution File, Format Version 12.00
# Visual Studio 15
VisualStudioVersion = 15.0.28307.645
MinimumVisualStudioVersion = 10.0.40219.1
Project("{FAE04EC0-301F-11D3-BF4B-00C04F79EFBC}") = "Kolokwium.DAL", "Kolokwium.DAL\Kolokwium.DAL.csproj", "{64083A57-9EC1-46CA-A1E3-265A20E524EC}"
EndProject
Project("{FAE04EC0-301F-11D3-BF4B-00C04F79EFBC}") = "Kolokwium.Web", "Kolokwium.Web\Kolokwium.Web.csproj", "{957DDCA1-9C03-4FA4-A90B-FDCD0F1A387F}"
EndProject
Project("{FAE04EC0-301F-11D3-BF4B-00C04F79EFBC}") = "Kolokwium.Services", "Kolokwium.Services\Kolokwium.Services.csproj", "{97B18490-774D-40E3-8345-72344DFE8A60}"
EndProject
Project("{FAE04EC0-301F-11D3-BF4B-00C04F79EFBC}") = "Kolokwium.BLL", "Kolokwium.BLL\Kolokwium.BLL.csproj", "{67861EA8-A36E-42D7-BE4C-BCFFC43B4660}"
EndProject
Global
	GlobalSection(SolutionConfigurationPlatforms) = preSolution
		Debug|Any CPU = Debug|Any CPU
		Release|Any CPU = Release|Any CPU
	EndGlobalSection
	GlobalSection(ProjectConfigurationPlatforms) = postSolution
		{64083A57-9EC1-46CA-A1E3-265A20E524EC}.Debug|Any CPU.ActiveCfg = Debug|Any CPU
		{64083A57-9EC1-46CA-A1E3-265A20E524EC}.Debug|Any CPU.Build.0 = Debug|Any CPU
		{64083A57-9EC1-46CA-A1E3-265A20E524EC}.Release|Any CPU.ActiveCfg = Release|Any CPU
		{64083A57-9EC1-46CA-A1E3-265A20E524EC}.Release|Any CPU.Build.0 = Release|Any CPU
		{957DDCA1-9C03-4FA4-A90B-FDCD0F1A387F}.Debug|Any CPU.ActiveCfg = Debug|Any CPU
		{957DDCA1-9C03-4FA4-A90B-FDCD0F1A387F}.Debug|Any CPU.Build.0 = Debug|Any CPU
		{957DDCA1-9C03-4FA4-A90B-FDCD0F1A387F}.Release|Any CPU.ActiveCfg = Release|Any CPU
		{957DDCA1-9C03-4FA4-A90B-FDCD0F1A387F}.Release|Any CPU.Build.0 = Release|Any CPU
		{97B18490-774D-40E3-8345-72344DFE8A60}.Debug|Any CPU.ActiveCfg = Debug|Any CPU
		{97B18490-774D-40E3-8345-72344DFE8A60}.Debug|Any CPU.Build.0 = Debug|Any CPU
		{97B18490-774D-40E3-8345-72344DFE8A60}.Release|Any CPU.ActiveCfg = Release|Any CPU
		{97B18490-774D-40E3-8345-72344DFE8A60}.Release|Any CPU.Build.0 = Release|Any CPU
		{67861EA8-A36E-42D7-BE4C-BCFFC43B4660}.Debug|Any CPU.ActiveCfg = Debug|Any CPU
		{67861EA8-A36E-42D7-BE4C-BCFFC43B4660}.Debug|Any CPU.Build.0 = Debug|Any CPU
		{67861EA8-A36E-42D7-BE4C-BCFFC43B4660}.Release|Any CPU.ActiveCfg = Release|Any CPU
		{67861EA8-A36E-42D7-BE4C-BCFFC43B4660}.Release|Any CPU.Build.0 = Release|Any CPU
	EndGlobalSection
	GlobalSection(SolutionProperties) = preSolution
		HideSolutionNode = FALSE
	EndGlobalSection
	GlobalSection(ExtensibilityGlobals) = postSolution
		SolutionGuid = {EA8F8879-E5AB-40DB-959B-9C7A41DC44EE}
	EndGlobalSection
EndGlobal
